<Solution>
  <Project Path="BenefitsService/BenefitsService.csproj" />
  <Project Path="ApplicationService/ApplicationService.csproj" />
  <Project Path="BenfitsPortalService/BenfitsPortalService.csproj" />
  <Project Path="UserService/UserService.csproj" />
  <Project Path="SOS100-NotificationService/SOS100-NotificationService.csproj" />
  <Project Path="SOS100-T7-BenefitsPortal/SOS100-T7-BenefitsPortal/SOS100-T7-BenefitsPortal.csproj" />
</Solution>
